
Microsoft Visual Studio Solution File, Format Version 12.00
# Visual Studio Version 17
VisualStudioVersion = 17.7.34031.279
MinimumVisualStudioVersion = 10.0.40219.1
Project("{FAE04EC0-301F-11D3-BF4B-00C04F79EFBC}") = "_connectify", "_connectify\_connectify.csproj", "{FD01FEE0-44E6-4CE6-A1CD-EB93F7B23B1D}"
EndProject
Global
	GlobalSection(SolutionConfigurationPlatforms) = preSolution
		Debug|Any CPU = Debug|Any CPU
		Release|Any CPU = Release|Any CPU
	EndGlobalSection
	GlobalSection(ProjectConfigurationPlatforms) = postSolution
		{FD01FEE0-44E6-4CE6-A1CD-EB93F7B23B1D}.Debug|Any CPU.ActiveCfg = Debug|Any CPU
		{FD01FEE0-44E6-4CE6-A1CD-EB93F7B23B1D}.Debug|Any CPU.Build.0 = Debug|Any CPU
		{FD01FEE0-44E6-4CE6-A1CD-EB93F7B23B1D}.Release|Any CPU.ActiveCfg = Release|Any CPU
		{FD01FEE0-44E6-4CE6-A1CD-EB93F7B23B1D}.Release|Any CPU.Build.0 = Release|Any CPU
	EndGlobalSection
	GlobalSection(SolutionProperties) = preSolution
		HideSolutionNode = FALSE
	EndGlobalSection
	GlobalSection(ExtensibilityGlobals) = postSolution
		SolutionGuid = {E33DE444-7299-41AF-96CA-097150E52EE5}
	EndGlobalSection
EndGlobal
